
Microsoft Visual Studio Solution File, Format Version 12.00
# Visual Studio 15
VisualStudioVersion = 15.0.27703.2035
MinimumVisualStudioVersion = 10.0.40219.1
Project("{F2A71F9B-5D33-465A-A702-920D77279786}") = "FiraSchedule", "FiraSchedule\FiraSchedule.fsproj", "{EEBBDB41-84B8-4CAF-8787-7B1CE94F5A12}"
EndProject
Global
	GlobalSection(SolutionConfigurationPlatforms) = preSolution
		Debug|Any CPU = Debug|Any CPU
		Release|Any CPU = Release|Any CPU
	EndGlobalSection
	GlobalSection(ProjectConfigurationPlatforms) = postSolution
		{EEBBDB41-84B8-4CAF-8787-7B1CE94F5A12}.Debug|Any CPU.ActiveCfg = Debug|Any CPU
		{EEBBDB41-84B8-4CAF-8787-7B1CE94F5A12}.Debug|Any CPU.Build.0 = Debug|Any CPU
		{EEBBDB41-84B8-4CAF-8787-7B1CE94F5A12}.Release|Any CPU.ActiveCfg = Release|Any CPU
		{EEBBDB41-84B8-4CAF-8787-7B1CE94F5A12}.Release|Any CPU.Build.0 = Release|Any CPU
	EndGlobalSection
	GlobalSection(SolutionProperties) = preSolution
		HideSolutionNode = FALSE
	EndGlobalSection
	GlobalSection(ExtensibilityGlobals) = postSolution
		SolutionGuid = {CCFF8CEE-1127-4C67-8F13-BCEB33C567C5}
	EndGlobalSection
EndGlobal
